
Microsoft Visual Studio Solution File, Format Version 12.00
# Visual Studio Version 16
VisualStudioVersion = 16.0.31402.337
MinimumVisualStudioVersion = 10.0.40219.1
Project("{9A19103F-16F7-4668-BE54-9A1E7A4F7556}") = "API.DDD.CRUD.INFRA", "API.DDD.CRUD.INFRA\API.DDD.CRUD.INFRA.csproj", "{CCA010CE-C1B2-408E-9EAA-F83734521309}"
EndProject
Project("{9A19103F-16F7-4668-BE54-9A1E7A4F7556}") = "API.DDD.CRUD.WEB", "API.DDD.CRUD.WEB\API.DDD.CRUD.WEB.csproj", "{B92EBF9A-A6B5-4280-ACFA-7C5AEF7D522E}"
EndProject
Project("{9A19103F-16F7-4668-BE54-9A1E7A4F7556}") = "API.DDD.CRUD.APPLICATION", "API.DDD.CRUD.APPLICATION\API.DDD.CRUD.APPLICATION.csproj", "{FEDC10CC-62B9-4A1F-A843-E09BDEEECADA}"
EndProject
Project("{9A19103F-16F7-4668-BE54-9A1E7A4F7556}") = "API.DDD.CRUD.IOC", "API.DDD.CRUD.IOC\API.DDD.CRUD.IOC.csproj", "{994A7DE1-55E8-4872-8E2D-ED105CD662AE}"
EndProject
Project("{FAE04EC0-301F-11D3-BF4B-00C04F79EFBC}") = "API.DDD.CRUD.DOMAIN", "API.DDD.CRUD.DOMAIN\API.DDD.CRUD.DOMAIN.csproj", "{557CE551-684B-4415-92A0-0BC074ED52D3}"
EndProject
Global
	GlobalSection(SolutionConfigurationPlatforms) = preSolution
		Debug|Any CPU = Debug|Any CPU
		Release|Any CPU = Release|Any CPU
	EndGlobalSection
	GlobalSection(ProjectConfigurationPlatforms) = postSolution
		{CCA010CE-C1B2-408E-9EAA-F83734521309}.Debug|Any CPU.ActiveCfg = Debug|Any CPU
		{CCA010CE-C1B2-408E-9EAA-F83734521309}.Debug|Any CPU.Build.0 = Debug|Any CPU
		{CCA010CE-C1B2-408E-9EAA-F83734521309}.Release|Any CPU.ActiveCfg = Release|Any CPU
		{CCA010CE-C1B2-408E-9EAA-F83734521309}.Release|Any CPU.Build.0 = Release|Any CPU
		{B92EBF9A-A6B5-4280-ACFA-7C5AEF7D522E}.Debug|Any CPU.ActiveCfg = Debug|Any CPU
		{B92EBF9A-A6B5-4280-ACFA-7C5AEF7D522E}.Debug|Any CPU.Build.0 = Debug|Any CPU
		{B92EBF9A-A6B5-4280-ACFA-7C5AEF7D522E}.Release|Any CPU.ActiveCfg = Release|Any CPU
		{B92EBF9A-A6B5-4280-ACFA-7C5AEF7D522E}.Release|Any CPU.Build.0 = Release|Any CPU
		{FEDC10CC-62B9-4A1F-A843-E09BDEEECADA}.Debug|Any CPU.ActiveCfg = Debug|Any CPU
		{FEDC10CC-62B9-4A1F-A843-E09BDEEECADA}.Debug|Any CPU.Build.0 = Debug|Any CPU
		{FEDC10CC-62B9-4A1F-A843-E09BDEEECADA}.Release|Any CPU.ActiveCfg = Release|Any CPU
		{FEDC10CC-62B9-4A1F-A843-E09BDEEECADA}.Release|Any CPU.Build.0 = Release|Any CPU
		{994A7DE1-55E8-4872-8E2D-ED105CD662AE}.Debug|Any CPU.ActiveCfg = Debug|Any CPU
		{994A7DE1-55E8-4872-8E2D-ED105CD662AE}.Debug|Any CPU.Build.0 = Debug|Any CPU
		{994A7DE1-55E8-4872-8E2D-ED105CD662AE}.Release|Any CPU.ActiveCfg = Release|Any CPU
		{994A7DE1-55E8-4872-8E2D-ED105CD662AE}.Release|Any CPU.Build.0 = Release|Any CPU
		{557CE551-684B-4415-92A0-0BC074ED52D3}.Debug|Any CPU.ActiveCfg = Debug|Any CPU
		{557CE551-684B-4415-92A0-0BC074ED52D3}.Debug|Any CPU.Build.0 = Debug|Any CPU
		{557CE551-684B-4415-92A0-0BC074ED52D3}.Release|Any CPU.ActiveCfg = Release|Any CPU
		{557CE551-684B-4415-92A0-0BC074ED52D3}.Release|Any CPU.Build.0 = Release|Any CPU
	EndGlobalSection
	GlobalSection(SolutionProperties) = preSolution
		HideSolutionNode = FALSE
	EndGlobalSection
	GlobalSection(ExtensibilityGlobals) = postSolution
		SolutionGuid = {FEE4FA46-2DFB-426D-8498-3FFE388A441E}
	EndGlobalSection
EndGlobal
